<?xml version="1.0" encoding="utf-8"?>
<Project ToolsVersion="4.0" xmlns="http://schemas.microsoft.com/developer/msbuild/2003">
  <ItemGroup>
    <Filter Include="Source Files">
      <UniqueIdentifier>{4FC737F1-C7A5-4376-A066-2A32D752A2FF}</UniqueIdentifier>
      <Extensions>cpp;c;cc;cxx;def;odl;idl;hpj;bat;asm;asmx</Extensions>
    </Filter>
    <Filter Include="Header Files">
      <UniqueIdentifier>{93995380-89BD-4b04-88EB-625FBE52EBFB}</UniqueIdentifier>
      <Extensions>h;hh;hpp;hxx;hm;inl;inc;ipp;xsd</Extensions>
    </Filter>
    <Filter Include="Resource Files">
      <UniqueIdentifier>{67DA6AB6-F800-4c08-8B7A-83BB121AAD01}</UniqueIdentifier>
      <Extensions>rc;ico;cur;bmp;dlg;rc2;rct;bin;rgs;gif;jpg;jpeg;jpe;resx;tiff;tif;png;wav;mfcribbon-ms</Extensions>
    </Filter>
    <Filter Include="components">
      <UniqueIdentifier>{573eb15a-1d48-4e34-adeb-e07f4eb66067}</UniqueIdentifier>
    </Filter>
    <Filter Include="players">
      <UniqueIdentifier>{0206279e-e2a4-4e89-b642-da13c1026033}</UniqueIdentifier>
    </Filter>
    <Filter Include="platforms">
      <UniqueIdentifier>{1db4a2e6-7235-496c-9806-e54ad878f417}</UniqueIdentifier>
    </Filter>
    <Filter Include="games">
      <UniqueIdentifier>{77a9fee6-44e9-4489-a841-5f7d3f599d50}</UniqueIdentifier>
    </Filter>
    <Filter Include="games\Uncharted4">
      <UniqueIdentifier>{d5912db4-b20b-4f8a-9c2b-5d8f727e7e47}</UniqueIdentifier>
    </Filter>
    <Filter Include="games\Uncharted4\gameModes">
      <UniqueIdentifier>{b9e85389-d76d-4eb2-9b4e-c4f219923fdf}</UniqueIdentifier>
    </Filter>
    <Filter Include="games\DiscJam">
      <UniqueIdentifier>{b342b9a9-f31b-4e5c-9588-e7b934425200}</UniqueIdentifier>
    </Filter>
    <Filter Include="games\DiscJam\gameModes">
      <UniqueIdentifier>{4d17e32f-c8bf-4238-8baa-55a5a5b83ca3}</UniqueIdentifier>
    </Filter>
    <Filter Include="games\DotA2">
      <UniqueIdentifier>{7c46e712-2b4e-446c-a8db-19b3e7719c3d}</UniqueIdentifier>
    </Filter>
    <Filter Include="games\DotAUnderlords">
      <UniqueIdentifier>{f87006f5-e79b-43dc-b09a-0b3e593ed210}</UniqueIdentifier>
    </Filter>
    <Filter Include="games\DotAUnderlords\gameModes">
      <UniqueIdentifier>{6a41ee41-aac5-4838-abb2-fb9d8c595248}</UniqueIdentifier>
    </Filter>
  </ItemGroup>
  <ItemGroup>
    <ClInclude Include="Resource.h">
      <Filter>components</Filter>
    </ClInclude>
    <ClInclude Include="Purchaseable.h">
      <Filter>components</Filter>
    </ClInclude>
    <ClInclude Include="Player.h">
      <Filter>components</Filter>
    </ClInclude>
    <ClInclude Include="Platform.h">
      <Filter>components</Filter>
    </ClInclude>
    <ClInclude Include="GameMode.h">
      <Filter>components</Filter>
    </ClInclude>
    <ClInclude Include="GameExpansion.h">
      <Filter>components</Filter>
    </ClInclude>
    <ClInclude Include="Game.h">
      <Filter>components</Filter>
    </ClInclude>
    <ClInclude Include="Date.h">
      <Filter>components</Filter>
    </ClInclude>
    <ClInclude Include="Playstation4.h">
      <Filter>platforms</Filter>
    </ClInclude>
    <ClInclude Include="PC.h">
      <Filter>platforms</Filter>
    </ClInclude>
    <ClInclude Include="Browser.h">
      <Filter>platforms</Filter>
    </ClInclude>
    <ClInclude Include="Uncharted4.h">
      <Filter>games\Uncharted4</Filter>
    </ClInclude>
    <ClInclude Include="Survival.h">
      <Filter>games\Uncharted4\gameModes</Filter>
    </ClInclude>
    <ClInclude Include="SurvivalArena.h">
      <Filter>games\Uncharted4\gameModes</Filter>
    </ClInclude>
    <ClInclude Include="TeamDeathmatch.h">
      <Filter>games\Uncharted4\gameModes</Filter>
    </ClInclude>
    <ClInclude Include="DiscJam.h">
      <Filter>games\DiscJam</Filter>
    </ClInclude>
    <ClInclude Include="PlatformHeader.h">
      <Filter>platforms</Filter>
    </ClInclude>
    <ClInclude Include="GameHeader.h">
      <Filter>games</Filter>
    </ClInclude>
    <ClInclude Include="Switch.h">
      <Filter>platforms</Filter>
    </ClInclude>
    <ClInclude Include="Versus.h">
      <Filter>games\DiscJam\gameModes</Filter>
    </ClInclude>
    <ClInclude Include="DiscDodge.h">
      <Filter>games\DiscJam\gameModes</Filter>
    </ClInclude>
    <ClInclude Include="DotA2.h">
      <Filter>games\DotA2</Filter>
    </ClInclude>
    <ClInclude Include="Android.h">
      <Filter>platforms</Filter>
    </ClInclude>
    <ClInclude Include="iOS.h">
      <Filter>platforms</Filter>
    </ClInclude>
    <ClInclude Include="Duos.h">
      <Filter>games\DotAUnderlords\gameModes</Filter>
    </ClInclude>
    <ClInclude Include="Knockout.h">
      <Filter>games\DotAUnderlords\gameModes</Filter>
    </ClInclude>
    <ClInclude Include="Standard.h">
      <Filter>games\DotAUnderlords\gameModes</Filter>
    </ClInclude>
    <ClInclude Include="DotAUnderlords.h">
      <Filter>games\DotAUnderlords</Filter>
    </ClInclude>
    <ClInclude Include="Mac.h">
      <Filter>platforms</Filter>
    </ClInclude>
  </ItemGroup>
  <ItemGroup>
    <ClCompile Include="Date.cpp">
      <Filter>components</Filter>
    </ClCompile>
    <ClCompile Include="Game.cpp">
      <Filter>components</Filter>
    </ClCompile>
    <ClCompile Include="GameExpansion.cpp">
      <Filter>components</Filter>
    </ClCompile>
    <ClCompile Include="GameMode.cpp">
      <Filter>components</Filter>
    </ClCompile>
    <ClCompile Include="Platform.cpp">
      <Filter>components</Filter>
    </ClCompile>
    <ClCompile Include="Player.cpp">
      <Filter>components</Filter>
    </ClCompile>
    <ClCompile Include="Purchaseable.cpp">
      <Filter>components</Filter>
    </ClCompile>
    <ClCompile Include="Resource.cpp">
      <Filter>components</Filter>
    </ClCompile>
    <ClCompile Include="Josh.cpp">
      <Filter>players</Filter>
    </ClCompile>
    <ClCompile Include="Playstation4.cpp">
      <Filter>platforms</Filter>
    </ClCompile>
    <ClCompile Include="PC.cpp">
      <Filter>platforms</Filter>
    </ClCompile>
    <ClCompile Include="Browser.cpp">
      <Filter>platforms</Filter>
    </ClCompile>
    <ClCompile Include="Uncharted4.cpp">
      <Filter>games\Uncharted4</Filter>
    </ClCompile>
    <ClCompile Include="Survival.cpp">
      <Filter>games\Uncharted4\gameModes</Filter>
    </ClCompile>
    <ClCompile Include="SurvivalArena.cpp">
      <Filter>games\Uncharted4\gameModes</Filter>
    </ClCompile>
    <ClCompile Include="TeamDeathmatch.cpp">
      <Filter>games\Uncharted4\gameModes</Filter>
    </ClCompile>
    <ClCompile Include="DiscJam.cpp">
      <Filter>games\DiscJam</Filter>
    </ClCompile>
    <ClCompile Include="Switch.cpp">
      <Filter>platforms</Filter>
    </ClCompile>
    <ClCompile Include="Versus.cpp">
      <Filter>games\DiscJam\gameModes</Filter>
    </ClCompile>
    <ClCompile Include="DiscDodge.cpp">
      <Filter>games\DiscJam\gameModes</Filter>
    </ClCompile>
    <ClCompile Include="DotA2.cpp">
      <Filter>games\DotA2</Filter>
    </ClCompile>
    <ClCompile Include="Android.cpp">
      <Filter>platforms</Filter>
    </ClCompile>
    <ClCompile Include="iOS.cpp">
      <Filter>platforms</Filter>
    </ClCompile>
    <ClCompile Include="Duos.cpp">
      <Filter>games\DotAUnderlords\gameModes</Filter>
    </ClCompile>
    <ClCompile Include="Knockout.cpp">
      <Filter>games\DotAUnderlords\gameModes</Filter>
    </ClCompile>
    <ClCompile Include="Standard.cpp">
      <Filter>games\DotAUnderlords\gameModes</Filter>
    </ClCompile>
    <ClCompile Include="DotAUnderlords.cpp">
      <Filter>games\DotAUnderlords</Filter>
    </ClCompile>
    <ClCompile Include="Mac.cpp">
      <Filter>platforms</Filter>
    </ClCompile>
  </ItemGroup>
</Project>